
Microsoft Visual Studio Solution File, Format Version 12.00
# Visual Studio 14
VisualStudioVersion = 14.0.25420.1
MinimumVisualStudioVersion = 10.0.40219.1
Project("{E24C65DC-7377-472B-9ABA-BC803B73C61A}") = "FFDesigner", "FFDesigner\", "{F1B6015D-8E8D-4EE6-AE12-A8A8D6BF7A32}"
	ProjectSection(WebsiteProperties) = preProject
		TargetFrameworkMoniker = ".NETFramework,Version%3Dv4.5.2"
		ProjectReferences = "{a7368a14-86c7-4e89-81ca-9aae9aa517ea}|FFDesignerDAL.dll;"
		Debug.AspNetCompiler.VirtualPath = "/localhost_26744"
		Debug.AspNetCompiler.PhysicalPath = "FFDesigner\"
		Debug.AspNetCompiler.TargetPath = "PrecompiledWeb\localhost_26744\"
		Debug.AspNetCompiler.Updateable = "true"
		Debug.AspNetCompiler.ForceOverwrite = "true"
		Debug.AspNetCompiler.FixedNames = "false"
		Debug.AspNetCompiler.Debug = "True"
		Release.AspNetCompiler.VirtualPath = "/localhost_26744"
		Release.AspNetCompiler.PhysicalPath = "FFDesigner\"
		Release.AspNetCompiler.TargetPath = "PrecompiledWeb\localhost_26744\"
		Release.AspNetCompiler.Updateable = "true"
		Release.AspNetCompiler.ForceOverwrite = "true"
		Release.AspNetCompiler.FixedNames = "false"
		Release.AspNetCompiler.Debug = "False"
		VWDPort = "26744"
		SlnRelativePath = "FFDesigner\"
		DefaultWebSiteLanguage = "Visual C#"
	EndProjectSection
EndProject
Project("{FAE04EC0-301F-11D3-BF4B-00C04F79EFBC}") = "FFDesignerDAL", "FFDesignerDAL\FFDesignerDAL.csproj", "{A7368A14-86C7-4E89-81CA-9AAE9AA517EA}"
EndProject
Global
	GlobalSection(SolutionConfigurationPlatforms) = preSolution
		Debug|Any CPU = Debug|Any CPU
		Release|Any CPU = Release|Any CPU
	EndGlobalSection
	GlobalSection(ProjectConfigurationPlatforms) = postSolution
		{F1B6015D-8E8D-4EE6-AE12-A8A8D6BF7A32}.Debug|Any CPU.ActiveCfg = Debug|Any CPU
		{F1B6015D-8E8D-4EE6-AE12-A8A8D6BF7A32}.Debug|Any CPU.Build.0 = Debug|Any CPU
		{F1B6015D-8E8D-4EE6-AE12-A8A8D6BF7A32}.Release|Any CPU.ActiveCfg = Debug|Any CPU
		{F1B6015D-8E8D-4EE6-AE12-A8A8D6BF7A32}.Release|Any CPU.Build.0 = Debug|Any CPU
		{A7368A14-86C7-4E89-81CA-9AAE9AA517EA}.Debug|Any CPU.ActiveCfg = Debug|Any CPU
		{A7368A14-86C7-4E89-81CA-9AAE9AA517EA}.Debug|Any CPU.Build.0 = Debug|Any CPU
		{A7368A14-86C7-4E89-81CA-9AAE9AA517EA}.Release|Any CPU.ActiveCfg = Release|Any CPU
		{A7368A14-86C7-4E89-81CA-9AAE9AA517EA}.Release|Any CPU.Build.0 = Release|Any CPU
	EndGlobalSection
	GlobalSection(SolutionProperties) = preSolution
		HideSolutionNode = FALSE
	EndGlobalSection
EndGlobal
